hash: 11fd8645929d188b19d913d49bc4f97de29e09c3d80c04d9a50a0594dd113b7f
updated: 2016-08-19T01:23:18.215936792-05:00
imports:
- name: github.com/astaxie/beego
  version: 7760d2476184a6bdd83f3e16d446ae9feb07fcba
- name: github.com/beego/goyaml2
  version: 5545475820ddd4db3f90a4900d44b65d077d702d
  repo: https://github.com/beego/goyaml2
- name: github.com/beego/x2j
  version: a0352aadc5420072ebe692481a5d6913d77f8cf0
  repo: https://github.com/beego/x2j
- name: github.com/belogik/goes
  version: e54d722c3aff588e4c737fe11c07359019240824
  repo: https://github.com/belogik/goes
- name: github.com/bradfitz/gomemcache
  version: fb1f79c6b65acda83063cbc69f6bba1522558bfc
  repo: https://github.com/bradfitz/gomemcache
- name: github.com/BurntSushi/toml
  version: 99064174e013895bbd9b025c31100bd1d9b590ca
  repo: https://github.com/BurntSushi/toml
- name: github.com/clbanning/x2j
  version: f6421fb8583d19dfa0846d81e33a672addd7beeb
  repo: https://github.com/clbanning/x2j
- name: github.com/couchbase/cbauth
  version: 4a6d537777f57b291a8126f94dfbe3201c1d4efc
  repo: https://github.com/couchbase/cbauth
- name: github.com/couchbase/clog
  version: eebc98233c3e032eb6b9036575d51324ab5932e6
  repo: https://github.com/couchbase/clog
- name: github.com/couchbase/go-couchbase
  version: 6575cf14363c4a840f4fafc01532b42c473472f8
  repo: https://github.com/couchbase/go-couchbase
- name: github.com/couchbase/go_n1ql
  version: 6cf4e348b127e21f56e53eb8c3faaea56afdc588
  repo: https://github.com/couchbase/go_n1ql
- name: github.com/couchbase/gomemcached
  version: 6172a8c61c821c420071fe9e20e74d8e24c8cbd5
  repo: https://github.com/couchbase/gomemcached
- name: github.com/couchbase/goutils
  version: 5823a0cbaaa9008406021dc5daf80125ea30bba6
  repo: https://github.com/couchbase/goutils
- name: github.com/couchbaselabs/go_n1ql
  version: 6cf4e348b127e21f56e53eb8c3faaea56afdc588
  repo: https://github.com/couchbaselabs/go_n1ql
- name: github.com/cupcake/rdb
  version: 90399abcaaff31d7844fbae7f9acb27109946f7f
  repo: https://github.com/cupcake/rdb
- name: github.com/edsrzf/mmap-go
  version: 935e0e8a636ca4ba70b713f3e38a19e1b77739e8
  repo: https://github.com/edsrzf/mmap-go
- name: github.com/garyburd/redigo
  version: ffa8d46ada782d81cfda81a0fbd9f45ceae448e8
  repo: https://github.com/garyburd/redigo
- name: github.com/go-sql-driver/mysql
  version: 0b58b37b664c21f3010e836f1b931e1d0b0b0685
  repo: https://github.com/go-sql-driver/mysql
- name: github.com/golang/protobuf
  version: f592bd283e9ef86337a432eb50e592278c3d534d
  repo: https://github.com/golang/protobuf
- name: github.com/golang/snappy
  version: d9eb7a3d35ec988b8585d4a0068e462c27d28380
  repo: https://github.com/golang/snappy
- name: github.com/lib/pq
  version: 80f8150043c80fb52dee6bc863a709cdac7ec8f8
  repo: https://github.com/lib/pq
- name: github.com/onsi/ginkgo
  version: 43e2af1f01ace55adbb6d7d0f30416476db1baae
  repo: https://github.com/onsi/ginkgo
- name: github.com/onsi/gomega
  version: c90bd38f8da6e92f8b114953db2f0ad7361fb4b4
  repo: https://github.com/onsi/gomega
- name: github.com/Pallinder/go-randomdata
  version: 104cc800bd6434e70cb0c3ad08c4541f4f2eb48b
  repo: https://github.com/Pallinder/go-randomdata
- name: github.com/peterh/liner
  version: 8975875355a81d612fafb9f5a6037bdcc2d9b073
  repo: https://github.com/peterh/liner
- name: github.com/siddontang/go
  version: 354e14e6c093c661abb29fd28403b3c19cff5514
  repo: https://github.com/siddontang/go
- name: github.com/siddontang/goredis
  version: 760763f78400635ed7b9b115511b8ed06035e908
  repo: https://github.com/siddontang/goredis
- name: github.com/siddontang/ledisdb
  version: 2f7cbc730a2e48ba2bc30ec69da86503fc40acc7
  repo: https://github.com/siddontang/ledisdb
- name: github.com/siddontang/rdb
  version: fc89ed2e418d27e3ea76e708e54276d2b44ae9cf
  repo: https://github.com/siddontang/rdb
- name: github.com/ssdb/gossdb
  version: a19fc4ae2aa1889d4d7a1e2279ed5907825c8215
  repo: https://github.com/ssdb/gossdb
- name: github.com/syndtr/goleveldb
  version: ab8b5dcf1042e818ab68e770d465112a899b668e
  repo: https://github.com/syndtr/goleveldb
- name: github.com/ugorji/go
  version: 4a1cb5252a6951f715a85d0e4be334c2a2dbf2a2
  repo: https://github.com/ugorji/go
- name: github.com/wendal/errors
  version: f66c77a7882b399795a8987ebf87ef64a427417e
  repo: https://github.com/wendal/errors
- name: gopkg.in/yaml.v2
  version: e4d366fc3c7938e2958e662b4258c7a89e1f0e3e
  repo: https://gopkg.in/yaml.v2
devImports: []
